
Microsoft Visual Studio Solution File, Format Version 12.00
# Visual Studio Version 17
VisualStudioVersion = 17.13.35919.96
MinimumVisualStudioVersion = 10.0.40219.1
Project("{FAE04EC0-301F-11D3-BF4B-00C04F79EFBC}") = "LearningBlazor", "LearningBlazor.csproj", "{FC94EF95-C772-4111-AE37-AB6AD2ED236C}"
EndProject
Global
	GlobalSection(SolutionConfigurationPlatforms) = preSolution
		Debug|Any CPU = Debug|Any CPU
		Release|Any CPU = Release|Any CPU
	EndGlobalSection
	GlobalSection(ProjectConfigurationPlatforms) = postSolution
		{FC94EF95-C772-4111-AE37-AB6AD2ED236C}.Debug|Any CPU.ActiveCfg = Debug|Any CPU
		{FC94EF95-C772-4111-AE37-AB6AD2ED236C}.Debug|Any CPU.Build.0 = Debug|Any CPU
		{FC94EF95-C772-4111-AE37-AB6AD2ED236C}.Release|Any CPU.ActiveCfg = Release|Any CPU
		{FC94EF95-C772-4111-AE37-AB6AD2ED236C}.Release|Any CPU.Build.0 = Release|Any CPU
	EndGlobalSection
	GlobalSection(SolutionProperties) = preSolution
		HideSolutionNode = FALSE
	EndGlobalSection
	GlobalSection(ExtensibilityGlobals) = postSolution
		SolutionGuid = {9C58C448-230C-4592-A6D8-B564E35ACE3B}
	EndGlobalSection
EndGlobal
